%{
  "chatterbox": {:git, "https://github.com/tony612/chatterbox.git", "7fe9b6d89903c59359e4406842cb68ecfa1e9b5c", [branch: "my-fix"]},
  "cowboy": {:hex, :cowboy, "2.2.2", "6cde634da1da8b1d17dd2b20f5f6f91ab8ac7fa1b5106d13dad63c905ab76004", [:rebar3], [{:cowlib, "~> 2.1.0", [hex: :cowlib, repo: "hexpm", optional: false]}, {:ranch, "~> 1.4.0", [hex: :ranch, repo: "hexpm", optional: false]}], "hexpm", "bb4b00f37054c3afaf74c0f8bffd4b73655fc69eae3bacf8015920e62f6b0956"},
  "cowlib": {:hex, :cowlib, "2.1.0", "f73658b93dd043af40400c3e4fd997068ebd0c617f8c8f4cd003a1a78ebf94f5", [:rebar3], [], "hexpm", "a00f85d3f8bc7d21eea8a03a2c4b4b18238f4d2959562dc2db666d000684ce32"},
  "dialyxir": {:hex, :dialyxir, "0.5.1", "b331b091720fd93e878137add264bac4f644e1ddae07a70bf7062c7862c4b952", [:mix], [], "hexpm", "6c32a70ed5d452c6650916555b1f96c79af5fc4bf286997f8b15f213de786f73"},
  "grpc": {:git, "https://github.com/tony612/grpc-elixir.git", "84c6b65e3c68aae605ce2527cf90074c85d47b64", []},
  "hpack": {:git, "https://github.com/joedevivo/hpack.git", "6b58b6231e9b6ab83096715120578976f72f4f7c", [tag: "0.2.3"]},
  "poison": {:hex, :poison, "3.1.0", "d9eb636610e096f86f25d9a46f35a9facac35609a7591b3be3326e99a0484665", [:mix], [], "hexpm", "fec8660eb7733ee4117b85f55799fd3833eb769a6df71ccf8903e8dc5447cfce"},
  "protobuf": {:hex, :protobuf, "0.5.3", "7216b9814830a92384c4a99ca1ce35884614517c1cdf0c75ea74ea9bb9fabaeb", [:mix], [], "hexpm", "4d3f2ff76b38717f5a7225a39af189af3263f7fcbfe6b90a0888373c4c701f13"},
  "ranch": {:hex, :ranch, "1.4.0", "10272f95da79340fa7e8774ba7930b901713d272905d0012b06ca6d994f8826b", [:rebar3], [], "hexpm", "53ad9c80918ea2b6d11e0c225d4396473c288d02c44c9ca5eb0aa2e1c85fecba"},
}
